{
  "originHash" : "52446854074fac2a157e22fef5a2b547314cb78dc906a7361f28bfb23bc5b4a1",
  "pins" : [
    {
      "identity" : "fakestorecore",
      "kind" : "remoteSourceControl",
      "location" : "https://github.com/andrewchaves/FakeStoreCore",
      "state" : {
        "branch" : "main",
        "revision" : "fe5d7263441a90d6b8c22d3b9c9e8e5cdce46756"
      }
    },
    {
      "identity" : "sdwebimage",
      "kind" : "remoteSourceControl",
      "location" : "https://github.com/SDWebImage/SDWebImage.git",
      "state" : {
        "revision" : "10d06f6a33bafae8c164fbfd1f03391f6d4692b3",
        "version" : "5.20.0"
      }
    }
  ],
  "version" : 3
}
